
Microsoft Visual Studio Solution File, Format Version 12.00
# Visual Studio Version 17
VisualStudioVersion = 17.2.32616.157
MinimumVisualStudioVersion = 10.0.40219.1
Project("{FAE04EC0-301F-11D3-BF4B-00C04F79EFBC}") = "Poller", "ChatMadePoller\Poller.csproj", "{A61E223D-98BD-40DF-8091-12BFBD833B13}"
EndProject
Global
	GlobalSection(SolutionConfigurationPlatforms) = preSolution
		Debug|Any CPU = Debug|Any CPU
		Release|Any CPU = Release|Any CPU
	EndGlobalSection
	GlobalSection(ProjectConfigurationPlatforms) = postSolution
		{A61E223D-98BD-40DF-8091-12BFBD833B13}.Debug|Any CPU.ActiveCfg = Debug|Any CPU
		{A61E223D-98BD-40DF-8091-12BFBD833B13}.Debug|Any CPU.Build.0 = Debug|Any CPU
		{A61E223D-98BD-40DF-8091-12BFBD833B13}.Release|Any CPU.ActiveCfg = Release|Any CPU
		{A61E223D-98BD-40DF-8091-12BFBD833B13}.Release|Any CPU.Build.0 = Release|Any CPU
	EndGlobalSection
	GlobalSection(SolutionProperties) = preSolution
		HideSolutionNode = FALSE
	EndGlobalSection
	GlobalSection(ExtensibilityGlobals) = postSolution
		SolutionGuid = {335F464D-F6E2-4E1F-B3AF-6DB25443E95F}
	EndGlobalSection
EndGlobal
